Microsoft Visual Studio Solution File, Format Version 12.00
# Visual Studio Version 17
VisualStudioVersion = 17.5.2.0
MinimumVisualStudioVersion = 10.0.40219.1
Project("{FAE04EC0-301F-11D3-BF4B-00C04F79EFBC}") = "AzulTracker.API", "AzulTracker.API.csproj", "{10D05CB0-9BB7-0734-73B9-C8D4BE991AC6}"
EndProject
Global
	GlobalSection(SolutionConfigurationPlatforms) = preSolution
		Debug|Any CPU = Debug|Any CPU
		Release|Any CPU = Release|Any CPU
	EndGlobalSection
	GlobalSection(ProjectConfigurationPlatforms) = postSolution
		{10D05CB0-9BB7-0734-73B9-C8D4BE991AC6}.Debug|Any CPU.ActiveCfg = Debug|Any CPU
		{10D05CB0-9BB7-0734-73B9-C8D4BE991AC6}.Debug|Any CPU.Build.0 = Debug|Any CPU
		{10D05CB0-9BB7-0734-73B9-C8D4BE991AC6}.Release|Any CPU.ActiveCfg = Release|Any CPU
		{10D05CB0-9BB7-0734-73B9-C8D4BE991AC6}.Release|Any CPU.Build.0 = Release|Any CPU
	EndGlobalSection
	GlobalSection(SolutionProperties) = preSolution
		HideSolutionNode = FALSE
	EndGlobalSection
	GlobalSection(ExtensibilityGlobals) = postSolution
		SolutionGuid = {B6A3080D-6006-4992-ABE5-E22A9C7500E4}
	EndGlobalSection
EndGlobal
